
Microsoft Visual Studio Solution File, Format Version 12.00
# Visual Studio 2012
Project("{8BC9CEB8-8B4A-11D0-8D11-00A0C91BC942}") = "Nvod", "VcProject\Nvod.vcxproj", "{C6699ACC-74B6-484F-BE1C-11E960E70223}"
EndProject
Global
	GlobalSection(SolutionConfigurationPlatforms) = preSolution
		Debug|Win32 = Debug|Win32
		Release|Win32 = Release|Win32
	EndGlobalSection
	GlobalSection(ProjectConfigurationPlatforms) = postSolution
		{C6699ACC-74B6-484F-BE1C-11E960E70223}.Debug|Win32.ActiveCfg = Debug|Win32
		{C6699ACC-74B6-484F-BE1C-11E960E70223}.Debug|Win32.Build.0 = Debug|Win32
		{C6699ACC-74B6-484F-BE1C-11E960E70223}.Release|Win32.ActiveCfg = Release|Win32
		{C6699ACC-74B6-484F-BE1C-11E960E70223}.Release|Win32.Build.0 = Release|Win32
	EndGlobalSection
	GlobalSection(SolutionProperties) = preSolution
		HideSolutionNode = FALSE
	EndGlobalSection
EndGlobal
