<?xml version="1.0" encoding="utf-8"?>
<Project ToolsVersion="4.0" xmlns="http://schemas.microsoft.com/developer/msbuild/2003">
  <ItemGroup>
    <Filter Include="资源文件">
      <UniqueIdentifier>{67DA6AB6-F800-4c08-8B7A-83BB121AAD01}</UniqueIdentifier>
      <Extensions>rc;ico;cur;bmp;dlg;rc2;rct;bin;rgs;gif;jpg;jpeg;jpe;resx;tiff;tif;png;wav;mfcribbon-ms</Extensions>
    </Filter>
    <Filter Include="头文件">
      <UniqueIdentifier>{443fb417-1240-4739-a5e1-32f701cbc761}</UniqueIdentifier>
    </Filter>
    <Filter Include="源文件">
      <UniqueIdentifier>{ebee3f4d-b52f-4aa0-b2ea-c25fb55053f0}</UniqueIdentifier>
    </Filter>
    <Filter Include="CommonCodes">
      <UniqueIdentifier>{ef5dc0e8-dc1f-41bd-a8d2-14ffa4d0715c}</UniqueIdentifier>
    </Filter>
    <Filter Include="CommonCodes\头文件">
      <UniqueIdentifier>{4dce8912-9296-4661-a43d-13078cf10867}</UniqueIdentifier>
    </Filter>
    <Filter Include="CommonCodes\头文件\Foundation">
      <UniqueIdentifier>{7bfb07d8-39a7-4cc6-a3ab-0e857f9ab09f}</UniqueIdentifier>
    </Filter>
    <Filter Include="CommonCodes\头文件\Functions-L1">
      <UniqueIdentifier>{a8c0b8e6-c24a-4f95-942d-c5959401c353}</UniqueIdentifier>
    </Filter>
    <Filter Include="CommonCodes\头文件\Functions-L2">
      <UniqueIdentifier>{00071e38-a880-46d4-b40e-a66b0898cd3a}</UniqueIdentifier>
    </Filter>
    <Filter Include="CommonCodes\头文件\Functions-L3">
      <UniqueIdentifier>{b3224384-0e1e-4203-8ee2-940912c6c2e7}</UniqueIdentifier>
    </Filter>
    <Filter Include="CommonCodes\头文件\Entity">
      <UniqueIdentifier>{9563a1eb-7254-4401-b07a-7c18e94c2c91}</UniqueIdentifier>
    </Filter>
    <Filter Include="CommonCodes\头文件\Type">
      <UniqueIdentifier>{113cc527-f0c8-46bd-aa8b-cb71e759fa20}</UniqueIdentifier>
    </Filter>
    <Filter Include="CommonCodes\源文件">
      <UniqueIdentifier>{caa51c3d-ddc4-48e5-9d3e-164a3bc94ed8}</UniqueIdentifier>
    </Filter>
    <Filter Include="CommonCodes\源文件\Foundation">
      <UniqueIdentifier>{82fadf23-d62c-48fe-8801-a5a5a55c1649}</UniqueIdentifier>
    </Filter>
    <Filter Include="CommonCodes\源文件\Entity">
      <UniqueIdentifier>{b8edc612-752a-4231-a5fe-edcde3e20be4}</UniqueIdentifier>
    </Filter>
    <Filter Include="CommonCodes\源文件\Functions-L1">
      <UniqueIdentifier>{f305bfba-d958-4c09-9135-2d178445628f}</UniqueIdentifier>
    </Filter>
    <Filter Include="CommonCodes\源文件\Functions-L1\Miscellaneous">
      <UniqueIdentifier>{b13845d8-0731-4eff-b9ad-e322a688e8e0}</UniqueIdentifier>
    </Filter>
    <Filter Include="CommonCodes\源文件\Functions-L1\Downloader">
      <UniqueIdentifier>{492707c7-2e83-42e7-a71f-c1e835bca636}</UniqueIdentifier>
    </Filter>
    <Filter Include="CommonCodes\源文件\Functions-L1\TransportPacket">
      <UniqueIdentifier>{a44cbaaf-ba72-4977-8c53-93a8af003c12}</UniqueIdentifier>
    </Filter>
    <Filter Include="CommonCodes\源文件\Functions-L1\XmlWrapper">
      <UniqueIdentifier>{779e5b4a-ba42-4521-88b9-94847adaaf7b}</UniqueIdentifier>
    </Filter>
    <Filter Include="CommonCodes\源文件\Functions-L1\WebService">
      <UniqueIdentifier>{69167252-c6fc-4dfa-8b4a-684ca034a0e9}</UniqueIdentifier>
    </Filter>
    <Filter Include="CommonCodes\源文件\Functions-L2">
      <UniqueIdentifier>{507c3b4e-f03e-4369-a2c6-6be5ad158902}</UniqueIdentifier>
    </Filter>
    <Filter Include="CommonCodes\源文件\Functions-L2\TmssPlayer">
      <UniqueIdentifier>{56a4917f-a3e4-4ab2-8a17-3c086b2e0b6c}</UniqueIdentifier>
    </Filter>
    <Filter Include="CommonCodes\源文件\Functions-L2\PatPlayer">
      <UniqueIdentifier>{10988116-aee7-4bfa-a556-d3eeb8d65914}</UniqueIdentifier>
    </Filter>
    <Filter Include="CommonCodes\源文件\Functions-L2\RefsPlayer">
      <UniqueIdentifier>{0c7de548-15c1-4f18-af54-97f048c75df4}</UniqueIdentifier>
    </Filter>
    <Filter Include="CommonCodes\源文件\Functions-L2\SocketServer">
      <UniqueIdentifier>{287c72b3-4dd9-4b14-aa8a-556444553107}</UniqueIdentifier>
    </Filter>
    <Filter Include="CommonCodes\源文件\Functions-L3">
      <UniqueIdentifier>{87a20d64-84b0-4799-a136-dd49aaadd381}</UniqueIdentifier>
    </Filter>
    <Filter Include="OpenSourceCode">
      <UniqueIdentifier>{0ea0c28f-6be9-4532-8c47-97235ce5261d}</UniqueIdentifier>
    </Filter>
  </ItemGroup>
  <ItemGroup>
    <ClInclude Include="Codes\Main.h">
      <Filter>头文件</Filter>
    </ClInclude>
    <ClInclude Include="..\Codes\ClassFactories.h">
      <Filter>CommonCodes\头文件\Foundation</Filter>
    </ClInclude>
    <ClInclude Include="..\Codes\Crc32.h">
      <Filter>CommonCodes\头文件\Foundation</Filter>
    </ClInclude>
    <ClInclude Include="..\Codes\Debug.h">
      <Filter>CommonCodes\头文件\Foundation</Filter>
    </ClInclude>
    <ClInclude Include="..\Codes\ResultCode.h">
      <Filter>CommonCodes\头文件\Foundation</Filter>
    </ClInclude>
    <ClInclude Include="..\Codes\PacketHelper.h">
      <Filter>CommonCodes\头文件\Foundation</Filter>
    </ClInclude>
    <ClInclude Include="..\Codes\SystemInclude.h">
      <Filter>CommonCodes\头文件\Foundation</Filter>
    </ClInclude>
    <ClInclude Include="..\Codes\DownloaderInterface.h">
      <Filter>CommonCodes\头文件\Functions-L1</Filter>
    </ClInclude>
    <ClInclude Include="..\Codes\WebServiceInterface.h">
      <Filter>CommonCodes\头文件\Functions-L1</Filter>
    </ClInclude>
    <ClInclude Include="..\Codes\XmlWrapperInterface.h">
      <Filter>CommonCodes\头文件\Functions-L1</Filter>
    </ClInclude>
    <ClInclude Include="..\Codes\MovieRepositoryInterface.h">
      <Filter>CommonCodes\头文件\Functions-L1</Filter>
    </ClInclude>
    <ClInclude Include="..\Codes\EpgServerInterface.h">
      <Filter>CommonCodes\头文件\Functions-L1</Filter>
    </ClInclude>
    <ClInclude Include="..\Codes\TableIndexHelperInterface.h">
      <Filter>CommonCodes\头文件\Functions-L1</Filter>
    </ClInclude>
    <ClInclude Include="..\Codes\TransportPacketInterface.h">
      <Filter>CommonCodes\头文件\Functions-L1</Filter>
    </ClInclude>
    <ClInclude Include="..\Codes\XmlHelper.h">
      <Filter>CommonCodes\头文件\Functions-L1</Filter>
    </ClInclude>
    <ClInclude Include="..\Codes\SocketServerInterface.h">
      <Filter>CommonCodes\头文件\Functions-L2</Filter>
    </ClInclude>
    <ClInclude Include="..\Codes\PlayerInterface.h">
      <Filter>CommonCodes\头文件\Functions-L2</Filter>
    </ClInclude>
    <ClInclude Include="..\Codes\ControllerInterface.h">
      <Filter>CommonCodes\头文件\Functions-L3</Filter>
    </ClInclude>
    <ClInclude Include="..\Codes\Entities.h">
      <Filter>CommonCodes\头文件\Entity</Filter>
    </ClInclude>
    <ClInclude Include="..\Codes\MemberHelper.h">
      <Filter>CommonCodes\头文件\Entity</Filter>
    </ClInclude>
    <ClInclude Include="..\Codes\BaseType.h">
      <Filter>CommonCodes\头文件\Type</Filter>
    </ClInclude>
    <ClInclude Include="..\Codes\CurlOutputHandler.h">
      <Filter>CommonCodes\源文件\Functions-L1\Miscellaneous</Filter>
    </ClInclude>
    <ClInclude Include="..\Codes\TableIndexHelper.h">
      <Filter>CommonCodes\源文件\Functions-L1\Miscellaneous</Filter>
    </ClInclude>
    <ClInclude Include="..\Codes\DownloaderFtp.h">
      <Filter>CommonCodes\源文件\Functions-L1\Downloader</Filter>
    </ClInclude>
    <ClInclude Include="..\Codes\TransportPacket.h">
      <Filter>CommonCodes\源文件\Functions-L1\TransportPacket</Filter>
    </ClInclude>
    <ClInclude Include="..\Codes\DynamicConfigWrapper.h">
      <Filter>CommonCodes\源文件\Functions-L1\XmlWrapper</Filter>
    </ClInclude>
    <ClInclude Include="..\Codes\NvodWebUrlWrapper.h">
      <Filter>CommonCodes\源文件\Functions-L1\XmlWrapper</Filter>
    </ClInclude>
    <ClInclude Include="..\Codes\StaticConfigWrapper.h">
      <Filter>CommonCodes\源文件\Functions-L1\XmlWrapper</Filter>
    </ClInclude>
    <ClInclude Include="..\Codes\WebService.h">
      <Filter>CommonCodes\源文件\Functions-L1\WebService</Filter>
    </ClInclude>
    <ClInclude Include="..\Codes\TmssPlayer.h">
      <Filter>CommonCodes\源文件\Functions-L2\TmssPlayer</Filter>
    </ClInclude>
    <ClInclude Include="..\Codes\PatPlayer.h">
      <Filter>CommonCodes\源文件\Functions-L2\PatPlayer</Filter>
    </ClInclude>
    <ClInclude Include="..\Codes\RefsPlayer.h">
      <Filter>CommonCodes\源文件\Functions-L2\RefsPlayer</Filter>
    </ClInclude>
    <ClInclude Include="..\Codes\SocketServer.h">
      <Filter>CommonCodes\源文件\Functions-L2\SocketServer</Filter>
    </ClInclude>
    <ClInclude Include="..\Codes\Controller.h">
      <Filter>CommonCodes\源文件\Functions-L3</Filter>
    </ClInclude>
    <ClInclude Include="..\Codes\Des3.h">
      <Filter>CommonCodes\头文件\Foundation</Filter>
    </ClInclude>
    <ClInclude Include="..\OpenSourceCode\WMI_DeviceQuery.h">
      <Filter>OpenSourceCode</Filter>
    </ClInclude>
  </ItemGroup>
  <ItemGroup>
    <ClCompile Include="Codes\Main.cpp">
      <Filter>源文件</Filter>
    </ClCompile>
    <ClCompile Include="..\Codes\Crc32.cpp">
      <Filter>CommonCodes\源文件\Foundation</Filter>
    </ClCompile>
    <ClCompile Include="..\Codes\Debug.cpp">
      <Filter>CommonCodes\源文件\Foundation</Filter>
    </ClCompile>
    <ClCompile Include="..\Codes\LibLinking.cpp">
      <Filter>CommonCodes\源文件\Foundation</Filter>
    </ClCompile>
    <ClCompile Include="..\Codes\Entities.cpp">
      <Filter>CommonCodes\源文件\Entity</Filter>
    </ClCompile>
    <ClCompile Include="..\Codes\CurlOutputHandler.cpp">
      <Filter>CommonCodes\源文件\Functions-L1\Miscellaneous</Filter>
    </ClCompile>
    <ClCompile Include="..\Codes\TableIndexHelper.cpp">
      <Filter>CommonCodes\源文件\Functions-L1\Miscellaneous</Filter>
    </ClCompile>
    <ClCompile Include="..\Codes\DownloaderFtp.cpp">
      <Filter>CommonCodes\源文件\Functions-L1\Downloader</Filter>
    </ClCompile>
    <ClCompile Include="..\Codes\TransportPacket.cpp">
      <Filter>CommonCodes\源文件\Functions-L1\TransportPacket</Filter>
    </ClCompile>
    <ClCompile Include="..\Codes\DynamicConfigWrapper.cpp">
      <Filter>CommonCodes\源文件\Functions-L1\XmlWrapper</Filter>
    </ClCompile>
    <ClCompile Include="..\Codes\NvodWebUrlWrapper.cpp">
      <Filter>CommonCodes\源文件\Functions-L1\XmlWrapper</Filter>
    </ClCompile>
    <ClCompile Include="..\Codes\StaticConfigWrapper.cpp">
      <Filter>CommonCodes\源文件\Functions-L1\XmlWrapper</Filter>
    </ClCompile>
    <ClCompile Include="..\Codes\WebService.cpp">
      <Filter>CommonCodes\源文件\Functions-L1\WebService</Filter>
    </ClCompile>
    <ClCompile Include="..\Codes\TmssPlayer.cpp">
      <Filter>CommonCodes\源文件\Functions-L2\TmssPlayer</Filter>
    </ClCompile>
    <ClCompile Include="..\Codes\PatPlayer.cpp">
      <Filter>CommonCodes\源文件\Functions-L2\PatPlayer</Filter>
    </ClCompile>
    <ClCompile Include="..\Codes\RefsPlayer.cpp">
      <Filter>CommonCodes\源文件\Functions-L2\RefsPlayer</Filter>
    </ClCompile>
    <ClCompile Include="..\Codes\SocketServer.cpp">
      <Filter>CommonCodes\源文件\Functions-L2\SocketServer</Filter>
    </ClCompile>
    <ClCompile Include="..\Codes\Controller.cpp">
      <Filter>CommonCodes\源文件\Functions-L3</Filter>
    </ClCompile>
    <ClCompile Include="..\OpenSourceCode\WMI_DeviceQuery.cpp">
      <Filter>OpenSourceCode</Filter>
    </ClCompile>
    <ClCompile Include="..\Codes\Des3.cpp">
      <Filter>CommonCodes\源文件\Foundation</Filter>
    </ClCompile>
  </ItemGroup>
</Project>